
Microsoft Visual Studio Solution File, Format Version 12.00
# Visual Studio Express 2012 for Web
Project("{FAE04EC0-301F-11D3-BF4B-00C04F79EFBC}") = "AriStore", "AriStore\AriStore.csproj", "{AB76D9E2-2C4C-4522-A55B-F39E6DEF45AF}"
EndProject
Project("{FAE04EC0-301F-11D3-BF4B-00C04F79EFBC}") = "AriStore.Tests", "AriStore.Tests\AriStore.Tests.csproj", "{E7DC0E90-4E4A-4375-A017-2B6A250CC3B8}"
EndProject
Global
	GlobalSection(SolutionConfigurationPlatforms) = preSolution
		Debug|Any CPU = Debug|Any CPU
		Release|Any CPU = Release|Any CPU
	EndGlobalSection
	GlobalSection(ProjectConfigurationPlatforms) = postSolution
		{AB76D9E2-2C4C-4522-A55B-F39E6DEF45AF}.Debug|Any CPU.ActiveCfg = Debug|Any CPU
		{AB76D9E2-2C4C-4522-A55B-F39E6DEF45AF}.Debug|Any CPU.Build.0 = Debug|Any CPU
		{AB76D9E2-2C4C-4522-A55B-F39E6DEF45AF}.Release|Any CPU.ActiveCfg = Release|Any CPU
		{AB76D9E2-2C4C-4522-A55B-F39E6DEF45AF}.Release|Any CPU.Build.0 = Release|Any CPU
		{E7DC0E90-4E4A-4375-A017-2B6A250CC3B8}.Debug|Any CPU.ActiveCfg = Debug|Any CPU
		{E7DC0E90-4E4A-4375-A017-2B6A250CC3B8}.Debug|Any CPU.Build.0 = Debug|Any CPU
		{E7DC0E90-4E4A-4375-A017-2B6A250CC3B8}.Release|Any CPU.ActiveCfg = Release|Any CPU
		{E7DC0E90-4E4A-4375-A017-2B6A250CC3B8}.Release|Any CPU.Build.0 = Release|Any CPU
	EndGlobalSection
	GlobalSection(SolutionProperties) = preSolution
		HideSolutionNode = FALSE
	EndGlobalSection
EndGlobal
